
Microsoft Visual Studio Solution File, Format Version 12.00
# Visual Studio Version 17
VisualStudioVersion = 17.1.32210.238
MinimumVisualStudioVersion = 10.0.40219.1
Project("{FAE04EC0-301F-11D3-BF4B-00C04F79EFBC}") = "bART-Solutions-Test", "bART-Solutions-Test\bART-Solutions-Test.csproj", "{8AC57747-3E06-4FF4-B72F-B8E9ABBF4601}"
EndProject
Global
	GlobalSection(SolutionConfigurationPlatforms) = preSolution
		Debug|Any CPU = Debug|Any CPU
		Release|Any CPU = Release|Any CPU
	EndGlobalSection
	GlobalSection(ProjectConfigurationPlatforms) = postSolution
		{8AC57747-3E06-4FF4-B72F-B8E9ABBF4601}.Debug|Any CPU.ActiveCfg = Debug|Any CPU
		{8AC57747-3E06-4FF4-B72F-B8E9ABBF4601}.Debug|Any CPU.Build.0 = Debug|Any CPU
		{8AC57747-3E06-4FF4-B72F-B8E9ABBF4601}.Release|Any CPU.ActiveCfg = Release|Any CPU
		{8AC57747-3E06-4FF4-B72F-B8E9ABBF4601}.Release|Any CPU.Build.0 = Release|Any CPU
	EndGlobalSection
	GlobalSection(SolutionProperties) = preSolution
		HideSolutionNode = FALSE
	EndGlobalSection
	GlobalSection(ExtensibilityGlobals) = postSolution
		SolutionGuid = {F17D0B80-2208-4E37-B8F4-9C6B65852587}
	EndGlobalSection
EndGlobal
